// !$*UTF8*$!
{
	archiveVersion = 1;
	classes = {
	};
	objectVersion = 56;
	objects = {

/* Begin PBXBuildFile section */
		100000000000000000000040 /* EduPanelApp.swift in Sources */ = {isa = PBXBuildFile; fileRef = 100000000000000000000020 /* EduPanelApp.swift */; };
		100000000000000000000041 /* RootView.swift in Sources */ = {isa = PBXBuildFile; fileRef = 100000000000000000000021 /* RootView.swift */; };
		100000000000000000000042 /* AppTab.swift in Sources */ = {isa = PBXBuildFile; fileRef = 100000000000000000000022 /* AppTab.swift */; };
		100000000000000000000043 /* DashboardModels.swift in Sources */ = {isa = PBXBuildFile; fileRef = 100000000000000000000023 /* DashboardModels.swift */; };
		100000000000000000000044 /* UserRole.swift in Sources */ = {isa = PBXBuildFile; fileRef = 100000000000000000000024 /* UserRole.swift */; };
		100000000000000000000045 /* APIClient.swift in Sources */ = {isa = PBXBuildFile; fileRef = 100000000000000000000025 /* APIClient.swift */; };
		100000000000000000000046 /* AppConfig.swift in Sources */ = {isa = PBXBuildFile; fileRef = 100000000000000000000026 /* AppConfig.swift */; };
		100000000000000000000047 /* DashboardRepository.swift in Sources */ = {isa = PBXBuildFile; fileRef = 100000000000000000000027 /* DashboardRepository.swift */; };
		100000000000000000000048 /* FirebaseBootstrap.swift in Sources */ = {isa = PBXBuildFile; fileRef = 100000000000000000000028 /* FirebaseBootstrap.swift */; };
		100000000000000000000049 /* GoogleAuthService.swift in Sources */ = {isa = PBXBuildFile; fileRef = 100000000000000000000029 /* GoogleAuthService.swift */; };
		10000000000000000000004A /* AuthSession.swift in Sources */ = {isa = PBXBuildFile; fileRef = 10000000000000000000002A /* AuthSession.swift */; };
		10000000000000000000004B /* DashboardViewModel.swift in Sources */ = {isa = PBXBuildFile; fileRef = 10000000000000000000002B /* DashboardViewModel.swift */; };
		10000000000000000000004C /* AppShell.swift in Sources */ = {isa = PBXBuildFile; fileRef = 10000000000000000000002C /* AppShell.swift */; };
		10000000000000000000004D /* DashboardView.swift in Sources */ = {isa = PBXBuildFile; fileRef = 10000000000000000000002D /* DashboardView.swift */; };
		10000000000000000000004E /* LoginView.swift in Sources */ = {isa = PBXBuildFile; fileRef = 10000000000000000000002E /* LoginView.swift */; };
		10000000000000000000004F /* PlaceholderModuleView.swift in Sources */ = {isa = PBXBuildFile; fileRef = 10000000000000000000002F /* PlaceholderModuleView.swift */; };
		100000000000000000000050 /* Assets.xcassets in Resources */ = {isa = PBXBuildFile; fileRef = 100000000000000000000031 /* Assets.xcassets */; };
		100000000000000000000051 /* FirebaseCore in Frameworks */ = {isa = PBXBuildFile; productRef = 100000000000000000000062 /* FirebaseCore */; };
		100000000000000000000052 /* FirebaseAuth in Frameworks */ = {isa = PBXBuildFile; productRef = 100000000000000000000063 /* FirebaseAuth */; };
		100000000000000000000053 /* FirebaseFirestore in Frameworks */ = {isa = PBXBuildFile; productRef = 100000000000000000000064 /* FirebaseFirestore */; };
		100000000000000000000054 /* GoogleSignIn in Frameworks */ = {isa = PBXBuildFile; productRef = 100000000000000000000065 /* GoogleSignIn */; };
		100000000000000000000055 /* GoogleService-Info.plist in Resources */ = {isa = PBXBuildFile; fileRef = 100000000000000000000036 /* GoogleService-Info.plist */; };
/* End PBXBuildFile section */

/* Begin PBXFileReference section */
		100000000000000000000005 /* EduPanel.app */ = {isa = PBXFileReference; explicitFileType = wrapper.application; includeInIndex = 0; path = EduPanel.app; sourceTree = BUILT_PRODUCTS_DIR; };
		100000000000000000000020 /* EduPanelApp.swift */ = {isa = PBXFileReference; lastKnownFileType = sourcecode.swift; path = EduPanelApp.swift; sourceTree = "<group>"; };
		100000000000000000000021 /* RootView.swift */ = {isa = PBXFileReference; lastKnownFileType = sourcecode.swift; path = RootView.swift; sourceTree = "<group>"; };
		100000000000000000000022 /* AppTab.swift */ = {isa = PBXFileReference; lastKnownFileType = sourcecode.swift; path = AppTab.swift; sourceTree = "<group>"; };
		100000000000000000000023 /* DashboardModels.swift */ = {isa = PBXFileReference; lastKnownFileType = sourcecode.swift; path = DashboardModels.swift; sourceTree = "<group>"; };
		100000000000000000000024 /* UserRole.swift */ = {isa = PBXFileReference; lastKnownFileType = sourcecode.swift; path = UserRole.swift; sourceTree = "<group>"; };
		100000000000000000000025 /* APIClient.swift */ = {isa = PBXFileReference; lastKnownFileType = sourcecode.swift; path = APIClient.swift; sourceTree = "<group>"; };
		100000000000000000000026 /* AppConfig.swift */ = {isa = PBXFileReference; lastKnownFileType = sourcecode.swift; path = AppConfig.swift; sourceTree = "<group>"; };
		100000000000000000000027 /* DashboardRepository.swift */ = {isa = PBXFileReference; lastKnownFileType = sourcecode.swift; path = DashboardRepository.swift; sourceTree = "<group>"; };
		100000000000000000000028 /* FirebaseBootstrap.swift */ = {isa = PBXFileReference; lastKnownFileType = sourcecode.swift; path = FirebaseBootstrap.swift; sourceTree = "<group>"; };
		100000000000000000000029 /* GoogleAuthService.swift */ = {isa = PBXFileReference; lastKnownFileType = sourcecode.swift; path = GoogleAuthService.swift; sourceTree = "<group>"; };
		10000000000000000000002A /* AuthSession.swift */ = {isa = PBXFileReference; lastKnownFileType = sourcecode.swift; path = AuthSession.swift; sourceTree = "<group>"; };
		10000000000000000000002B /* DashboardViewModel.swift */ = {isa = PBXFileReference; lastKnownFileType = sourcecode.swift; path = DashboardViewModel.swift; sourceTree = "<group>"; };
		10000000000000000000002C /* AppShell.swift */ = {isa = PBXFileReference; lastKnownFileType = sourcecode.swift; path = AppShell.swift; sourceTree = "<group>"; };
		10000000000000000000002D /* DashboardView.swift */ = {isa = PBXFileReference; lastKnownFileType = sourcecode.swift; path = DashboardView.swift; sourceTree = "<group>"; };
		10000000000000000000002E /* LoginView.swift */ = {isa = PBXFileReference; lastKnownFileType = sourcecode.swift; path = LoginView.swift; sourceTree = "<group>"; };
		10000000000000000000002F /* PlaceholderModuleView.swift */ = {isa = PBXFileReference; lastKnownFileType = sourcecode.swift; path = PlaceholderModuleView.swift; sourceTree = "<group>"; };
		100000000000000000000030 /* Info.plist */ = {isa = PBXFileReference; lastKnownFileType = text.plist.xml; path = Info.plist; sourceTree = "<group>"; };
		100000000000000000000031 /* Assets.xcassets */ = {isa = PBXFileReference; lastKnownFileType = folder.assetcatalog; path = Assets.xcassets; sourceTree = "<group>"; };
		100000000000000000000032 /* Debug.xcconfig */ = {isa = PBXFileReference; lastKnownFileType = text.xcconfig; path = Debug.xcconfig; sourceTree = "<group>"; };
		100000000000000000000033 /* Release.xcconfig */ = {isa = PBXFileReference; lastKnownFileType = text.xcconfig; path = Release.xcconfig; sourceTree = "<group>"; };
		100000000000000000000034 /* Shared.xcconfig */ = {isa = PBXFileReference; lastKnownFileType = text.xcconfig; path = Shared.xcconfig; sourceTree = "<group>"; };
		100000000000000000000035 /* serve-sim.sh */ = {isa = PBXFileReference; lastKnownFileType = text.script.sh; path = serve-sim.sh; sourceTree = "<group>"; };
		100000000000000000000036 /* GoogleService-Info.plist */ = {isa = PBXFileReference; lastKnownFileType = text.plist.xml; path = "GoogleService-Info.plist"; sourceTree = "<group>"; };
/* End PBXFileReference section */

/* Begin PBXFrameworksBuildPhase section */
		100000000000000000000008 /* Frameworks */ = {
			isa = PBXFrameworksBuildPhase;
			buildActionMask = 2147483647;
			files = (
				100000000000000000000051 /* FirebaseCore in Frameworks */,
				100000000000000000000052 /* FirebaseAuth in Frameworks */,
				100000000000000000000053 /* FirebaseFirestore in Frameworks */,
				100000000000000000000054 /* GoogleSignIn in Frameworks */,
			);
			runOnlyForDeploymentPostprocessing = 0;
		};
/* End PBXFrameworksBuildPhase section */

/* Begin PBXGroup section */
		100000000000000000000002 = {
			isa = PBXGroup;
			children = (
				100000000000000000000010 /* EduPanel */,
				100000000000000000000018 /* Config */,
				100000000000000000000019 /* scripts */,
				100000000000000000000003 /* Products */,
			);
			sourceTree = "<group>";
		};
		100000000000000000000003 /* Products */ = {
			isa = PBXGroup;
			children = (
				100000000000000000000005 /* EduPanel.app */,
			);
			name = Products;
			sourceTree = "<group>";
		};
		100000000000000000000010 /* EduPanel */ = {
			isa = PBXGroup;
			children = (
				100000000000000000000011 /* App */,
				100000000000000000000012 /* Models */,
				100000000000000000000013 /* Services */,
				100000000000000000000014 /* ViewModels */,
				100000000000000000000015 /* Views */,
				100000000000000000000016 /* Resources */,
			);
			path = EduPanel;
			sourceTree = "<group>";
		};
		100000000000000000000011 /* App */ = {
			isa = PBXGroup;
			children = (
				100000000000000000000020 /* EduPanelApp.swift */,
				100000000000000000000021 /* RootView.swift */,
			);
			path = App;
			sourceTree = "<group>";
		};
		100000000000000000000012 /* Models */ = {
			isa = PBXGroup;
			children = (
				100000000000000000000022 /* AppTab.swift */,
				100000000000000000000023 /* DashboardModels.swift */,
				100000000000000000000024 /* UserRole.swift */,
			);
			path = Models;
			sourceTree = "<group>";
		};
		100000000000000000000013 /* Services */ = {
			isa = PBXGroup;
			children = (
				100000000000000000000025 /* APIClient.swift */,
				100000000000000000000026 /* AppConfig.swift */,
				100000000000000000000027 /* DashboardRepository.swift */,
				100000000000000000000028 /* FirebaseBootstrap.swift */,
				100000000000000000000029 /* GoogleAuthService.swift */,
			);
			path = Services;
			sourceTree = "<group>";
		};
		100000000000000000000014 /* ViewModels */ = {
			isa = PBXGroup;
			children = (
				10000000000000000000002A /* AuthSession.swift */,
				10000000000000000000002B /* DashboardViewModel.swift */,
			);
			path = ViewModels;
			sourceTree = "<group>";
		};
		100000000000000000000015 /* Views */ = {
			isa = PBXGroup;
			children = (
				10000000000000000000002C /* AppShell.swift */,
				10000000000000000000002D /* DashboardView.swift */,
				10000000000000000000002E /* LoginView.swift */,
				10000000000000000000002F /* PlaceholderModuleView.swift */,
			);
			path = Views;
			sourceTree = "<group>";
		};
		100000000000000000000016 /* Resources */ = {
			isa = PBXGroup;
			children = (
				100000000000000000000030 /* Info.plist */,
				100000000000000000000036 /* GoogleService-Info.plist */,
				100000000000000000000031 /* Assets.xcassets */,
			);
			path = Resources;
			sourceTree = "<group>";
		};
		100000000000000000000018 /* Config */ = {
			isa = PBXGroup;
			children = (
				100000000000000000000034 /* Shared.xcconfig */,
				100000000000000000000032 /* Debug.xcconfig */,
				100000000000000000000033 /* Release.xcconfig */,
			);
			path = Config;
			sourceTree = "<group>";
		};
		100000000000000000000019 /* scripts */ = {
			isa = PBXGroup;
			children = (
				100000000000000000000035 /* serve-sim.sh */,
			);
			path = scripts;
			sourceTree = "<group>";
		};
/* End PBXGroup section */

/* Begin PBXNativeTarget section */
		100000000000000000000004 /* EduPanel */ = {
			isa = PBXNativeTarget;
			buildConfigurationList = 10000000000000000000000A /* Build configuration list for PBXNativeTarget "EduPanel" */;
			buildPhases = (
				100000000000000000000006 /* Sources */,
				100000000000000000000007 /* Resources */,
				100000000000000000000008 /* Frameworks */,
			);
			buildRules = (
			);
			dependencies = (
			);
			name = EduPanel;
			packageProductDependencies = (
				100000000000000000000062 /* FirebaseCore */,
				100000000000000000000063 /* FirebaseAuth */,
				100000000000000000000064 /* FirebaseFirestore */,
				100000000000000000000065 /* GoogleSignIn */,
			);
			productName = EduPanel;
			productReference = 100000000000000000000005 /* EduPanel.app */;
			productType = "com.apple.product-type.application";
		};
/* End PBXNativeTarget section */

/* Begin PBXProject section */
		100000000000000000000001 /* Project object */ = {
			isa = PBXProject;
			attributes = {
				BuildIndependentTargetsInParallel = 1;
				LastSwiftUpdateCheck = 1500;
				LastUpgradeCheck = 1500;
				TargetAttributes = {
					100000000000000000000004 = {
						CreatedOnToolsVersion = 15.0;
					};
				};
			};
			buildConfigurationList = 100000000000000000000009 /* Build configuration list for PBXProject "EduPanel" */;
			compatibilityVersion = "Xcode 15.0";
			developmentRegion = en;
			hasScannedForEncodings = 0;
			knownRegions = (
				en,
				Base,
			);
			mainGroup = 100000000000000000000002;
			minimizedProjectReferenceProxies = 1;
			packageReferences = (
				100000000000000000000060 /* XCRemoteSwiftPackageReference "firebase-ios-sdk" */,
				100000000000000000000061 /* XCRemoteSwiftPackageReference "GoogleSignIn-iOS" */,
			);
			preferredProjectObjectVersion = 56;
			productRefGroup = 100000000000000000000003 /* Products */;
			projectDirPath = "";
			projectRoot = "";
			targets = (
				100000000000000000000004 /* EduPanel */,
			);
		};
/* End PBXProject section */

/* Begin PBXResourcesBuildPhase section */
		100000000000000000000007 /* Resources */ = {
			isa = PBXResourcesBuildPhase;
			buildActionMask = 2147483647;
			files = (
				100000000000000000000050 /* Assets.xcassets in Resources */,
				100000000000000000000055 /* GoogleService-Info.plist in Resources */,
			);
			runOnlyForDeploymentPostprocessing = 0;
		};
/* End PBXResourcesBuildPhase section */

/* Begin PBXSourcesBuildPhase section */
		100000000000000000000006 /* Sources */ = {
			isa = PBXSourcesBuildPhase;
			buildActionMask = 2147483647;
			files = (
				100000000000000000000040 /* EduPanelApp.swift in Sources */,
				100000000000000000000041 /* RootView.swift in Sources */,
				100000000000000000000042 /* AppTab.swift in Sources */,
				100000000000000000000043 /* DashboardModels.swift in Sources */,
				100000000000000000000044 /* UserRole.swift in Sources */,
				100000000000000000000045 /* APIClient.swift in Sources */,
				100000000000000000000046 /* AppConfig.swift in Sources */,
				100000000000000000000047 /* DashboardRepository.swift in Sources */,
				100000000000000000000048 /* FirebaseBootstrap.swift in Sources */,
				100000000000000000000049 /* GoogleAuthService.swift in Sources */,
				10000000000000000000004A /* AuthSession.swift in Sources */,
				10000000000000000000004B /* DashboardViewModel.swift in Sources */,
				10000000000000000000004C /* AppShell.swift in Sources */,
				10000000000000000000004D /* DashboardView.swift in Sources */,
				10000000000000000000004E /* LoginView.swift in Sources */,
				10000000000000000000004F /* PlaceholderModuleView.swift in Sources */,
			);
			runOnlyForDeploymentPostprocessing = 0;
		};
/* End PBXSourcesBuildPhase section */

/* Begin XCBuildConfiguration section */
		10000000000000000000000B /* Debug */ = {
			isa = XCBuildConfiguration;
			buildSettings = {
				ALWAYS_SEARCH_USER_PATHS = NO;
				CLANG_ANALYZER_NONNULL = YES;
				CLANG_ANALYZER_NUMBER_OBJECT_CONVERSION = YES_AGGRESSIVE;
				CLANG_CXX_LANGUAGE_STANDARD = "gnu++20";
				CLANG_ENABLE_MODULES = YES;
				CLANG_ENABLE_OBJC_ARC = YES;
				CLANG_ENABLE_OBJC_WEAK = YES;
				CLANG_WARN_BLOCK_CAPTURE_AUTORELEASING = YES;
				CLANG_WARN_BOOL_CONVERSION = YES;
				CLANG_WARN_COMMA = YES;
				CLANG_WARN_CONSTANT_CONVERSION = YES;
				CLANG_WARN_DEPRECATED_OBJC_IMPLEMENTATIONS = YES;
				CLANG_WARN_DIRECT_OBJC_ISA_USAGE = YES_ERROR;
				CLANG_WARN_DOCUMENTATION_COMMENTS = YES;
				CLANG_WARN_EMPTY_BODY = YES;
				CLANG_WARN_ENUM_CONVERSION = YES;
				CLANG_WARN_INFINITE_RECURSION = YES;
				CLANG_WARN_INT_CONVERSION = YES;
				CLANG_WARN_NON_LITERAL_NULL_CONVERSION = YES;
				CLANG_WARN_OBJC_IMPLICIT_RETAIN_SELF = YES;
				CLANG_WARN_OBJC_LITERAL_CONVERSION = YES;
				CLANG_WARN_OBJC_ROOT_CLASS = YES_ERROR;
				CLANG_WARN_QUOTED_INCLUDE_IN_FRAMEWORK_HEADER = YES;
				CLANG_WARN_RANGE_LOOP_ANALYSIS = YES;
				CLANG_WARN_STRICT_PROTOTYPES = YES;
				CLANG_WARN_SUSPICIOUS_MOVE = YES;
				CLANG_WARN_UNGUARDED_AVAILABILITY = YES_AGGRESSIVE;
				CLANG_WARN_UNREACHABLE_CODE = YES;
				CLANG_WARN__DUPLICATE_METHOD_MATCH = YES;
				COPY_PHASE_STRIP = NO;
				DEBUG_INFORMATION_FORMAT = dwarf;
				ENABLE_STRICT_OBJC_MSGSEND = YES;
				ENABLE_TESTABILITY = YES;
				ENABLE_USER_SCRIPT_SANDBOXING = YES;
				GCC_C_LANGUAGE_STANDARD = gnu17;
				GCC_DYNAMIC_NO_PIC = NO;
				GCC_NO_COMMON_BLOCKS = YES;
				GCC_OPTIMIZATION_LEVEL = 0;
				GCC_PREPROCESSOR_DEFINITIONS = (
					"DEBUG=1",
					"$(inherited)",
				);
				GCC_WARN_64_TO_32_BIT_CONVERSION = YES;
				GCC_WARN_ABOUT_RETURN_TYPE = YES_ERROR;
				GCC_WARN_UNDECLARED_SELECTOR = YES;
				GCC_WARN_UNINITIALIZED_AUTOS = YES_AGGRESSIVE;
				GCC_WARN_UNUSED_FUNCTION = YES;
				GCC_WARN_UNUSED_VARIABLE = YES;
				MTL_ENABLE_DEBUG_INFO = INCLUDE_SOURCE;
				MTL_FAST_MATH = YES;
				ONLY_ACTIVE_ARCH = YES;
				SDKROOT = iphoneos;
				SWIFT_ACTIVE_COMPILATION_CONDITIONS = "DEBUG $(inherited)";
				SWIFT_OPTIMIZATION_LEVEL = "-Onone";
			};
			name = Debug;
		};
		10000000000000000000000C /* Release */ = {
			isa = XCBuildConfiguration;
			buildSettings = {
				ALWAYS_SEARCH_USER_PATHS = NO;
				CLANG_ANALYZER_NONNULL = YES;
				CLANG_ANALYZER_NUMBER_OBJECT_CONVERSION = YES_AGGRESSIVE;
				CLANG_CXX_LANGUAGE_STANDARD = "gnu++20";
				CLANG_ENABLE_MODULES = YES;
				CLANG_ENABLE_OBJC_ARC = YES;
				CLANG_ENABLE_OBJC_WEAK = YES;
				CLANG_WARN_BLOCK_CAPTURE_AUTORELEASING = YES;
				CLANG_WARN_BOOL_CONVERSION = YES;
				CLANG_WARN_COMMA = YES;
				CLANG_WARN_CONSTANT_CONVERSION = YES;
				CLANG_WARN_DEPRECATED_OBJC_IMPLEMENTATIONS = YES;
				CLANG_WARN_DIRECT_OBJC_ISA_USAGE = YES_ERROR;
				CLANG_WARN_DOCUMENTATION_COMMENTS = YES;
				CLANG_WARN_EMPTY_BODY = YES;
				CLANG_WARN_ENUM_CONVERSION = YES;
				CLANG_WARN_INFINITE_RECURSION = YES;
				CLANG_WARN_INT_CONVERSION = YES;
				CLANG_WARN_NON_LITERAL_NULL_CONVERSION = YES;
				CLANG_WARN_OBJC_IMPLICIT_RETAIN_SELF = YES;
				CLANG_WARN_OBJC_LITERAL_CONVERSION = YES;
				CLANG_WARN_OBJC_ROOT_CLASS = YES_ERROR;
				CLANG_WARN_QUOTED_INCLUDE_IN_FRAMEWORK_HEADER = YES;
				CLANG_WARN_RANGE_LOOP_ANALYSIS = YES;
				CLANG_WARN_STRICT_PROTOTYPES = YES;
				CLANG_WARN_SUSPICIOUS_MOVE = YES;
				CLANG_WARN_UNGUARDED_AVAILABILITY = YES_AGGRESSIVE;
				CLANG_WARN_UNREACHABLE_CODE = YES;
				CLANG_WARN__DUPLICATE_METHOD_MATCH = YES;
				COPY_PHASE_STRIP = NO;
				DEBUG_INFORMATION_FORMAT = "dwarf-with-dsym";
				ENABLE_NS_ASSERTIONS = NO;
				ENABLE_STRICT_OBJC_MSGSEND = YES;
				ENABLE_USER_SCRIPT_SANDBOXING = YES;
				GCC_C_LANGUAGE_STANDARD = gnu17;
				GCC_NO_COMMON_BLOCKS = YES;
				GCC_WARN_64_TO_32_BIT_CONVERSION = YES;
				GCC_WARN_ABOUT_RETURN_TYPE = YES_ERROR;
				GCC_WARN_UNDECLARED_SELECTOR = YES;
				GCC_WARN_UNINITIALIZED_AUTOS = YES_AGGRESSIVE;
				GCC_WARN_UNUSED_FUNCTION = YES;
				GCC_WARN_UNUSED_VARIABLE = YES;
				MTL_ENABLE_DEBUG_INFO = NO;
				MTL_FAST_MATH = YES;
				SDKROOT = iphoneos;
				SWIFT_COMPILATION_MODE = wholemodule;
				VALIDATE_PRODUCT = YES;
			};
			name = Release;
		};
		10000000000000000000000D /* Debug */ = {
			isa = XCBuildConfiguration;
			baseConfigurationReference = 100000000000000000000032 /* Debug.xcconfig */;
			buildSettings = {
				ASSETCATALOG_COMPILER_APPICON_NAME = AppIcon;
				ASSETCATALOG_COMPILER_GLOBAL_ACCENT_COLOR_NAME = AccentColor;
				CODE_SIGN_STYLE = Automatic;
				DEVELOPMENT_ASSET_PATHS = "";
				ENABLE_PREVIEWS = YES;
				GENERATE_INFOPLIST_FILE = NO;
				INFOPLIST_FILE = EduPanel/Resources/Info.plist;
				LD_RUNPATH_SEARCH_PATHS = (
					"$(inherited)",
					"@executable_path/Frameworks",
				);
				PRODUCT_NAME = "$(TARGET_NAME)";
				SUPPORTED_PLATFORMS = "iphoneos iphonesimulator";
				SUPPORTS_MACCATALYST = NO;
				SWIFT_EMIT_LOC_STRINGS = YES;
				SWIFT_VERSION = 5.0;
				TARGETED_DEVICE_FAMILY = "1,2";
			};
			name = Debug;
		};
		10000000000000000000000E /* Release */ = {
			isa = XCBuildConfiguration;
			baseConfigurationReference = 100000000000000000000033 /* Release.xcconfig */;
			buildSettings = {
				ASSETCATALOG_COMPILER_APPICON_NAME = AppIcon;
				ASSETCATALOG_COMPILER_GLOBAL_ACCENT_COLOR_NAME = AccentColor;
				CODE_SIGN_STYLE = Automatic;
				DEVELOPMENT_ASSET_PATHS = "";
				ENABLE_PREVIEWS = YES;
				GENERATE_INFOPLIST_FILE = NO;
				INFOPLIST_FILE = EduPanel/Resources/Info.plist;
				LD_RUNPATH_SEARCH_PATHS = (
					"$(inherited)",
					"@executable_path/Frameworks",
				);
				PRODUCT_NAME = "$(TARGET_NAME)";
				SUPPORTED_PLATFORMS = "iphoneos iphonesimulator";
				SUPPORTS_MACCATALYST = NO;
				SWIFT_EMIT_LOC_STRINGS = YES;
				SWIFT_VERSION = 5.0;
				TARGETED_DEVICE_FAMILY = "1,2";
			};
			name = Release;
		};
/* End XCBuildConfiguration section */

/* Begin XCConfigurationList section */
		100000000000000000000009 /* Build configuration list for PBXProject "EduPanel" */ = {
			isa = XCConfigurationList;
			buildConfigurations = (
				10000000000000000000000B /* Debug */,
				10000000000000000000000C /* Release */,
			);
			defaultConfigurationIsVisible = 0;
			defaultConfigurationName = Release;
		};
		10000000000000000000000A /* Build configuration list for PBXNativeTarget "EduPanel" */ = {
			isa = XCConfigurationList;
			buildConfigurations = (
				10000000000000000000000D /* Debug */,
				10000000000000000000000E /* Release */,
			);
			defaultConfigurationIsVisible = 0;
			defaultConfigurationName = Release;
		};
/* End XCConfigurationList section */

/* Begin XCRemoteSwiftPackageReference section */
		100000000000000000000060 /* XCRemoteSwiftPackageReference "firebase-ios-sdk" */ = {
			isa = XCRemoteSwiftPackageReference;
			repositoryURL = "https://github.com/firebase/firebase-ios-sdk.git";
			requirement = {
				kind = upToNextMajorVersion;
				minimumVersion = 11.0.0;
			};
		};
		100000000000000000000061 /* XCRemoteSwiftPackageReference "GoogleSignIn-iOS" */ = {
			isa = XCRemoteSwiftPackageReference;
			repositoryURL = "https://github.com/google/GoogleSignIn-iOS";
			requirement = {
				kind = upToNextMajorVersion;
				minimumVersion = 8.0.0;
			};
		};
/* End XCRemoteSwiftPackageReference section */

/* Begin XCSwiftPackageProductDependency section */
		100000000000000000000062 /* FirebaseCore */ = {
			isa = XCSwiftPackageProductDependency;
			package = 100000000000000000000060 /* XCRemoteSwiftPackageReference "firebase-ios-sdk" */;
			productName = FirebaseCore;
		};
		100000000000000000000063 /* FirebaseAuth */ = {
			isa = XCSwiftPackageProductDependency;
			package = 100000000000000000000060 /* XCRemoteSwiftPackageReference "firebase-ios-sdk" */;
			productName = FirebaseAuth;
		};
		100000000000000000000064 /* FirebaseFirestore */ = {
			isa = XCSwiftPackageProductDependency;
			package = 100000000000000000000060 /* XCRemoteSwiftPackageReference "firebase-ios-sdk" */;
			productName = FirebaseFirestore;
		};
		100000000000000000000065 /* GoogleSignIn */ = {
			isa = XCSwiftPackageProductDependency;
			package = 100000000000000000000061 /* XCRemoteSwiftPackageReference "GoogleSignIn-iOS" */;
			productName = GoogleSignIn;
		};
/* End XCSwiftPackageProductDependency section */
	};
	rootObject = 100000000000000000000001 /* Project object */;
}
