// !$*UTF8*$!
{
	archiveVersion = 1;
	classes = {
	};
	objectVersion = 56;
	objects = {

/* Begin PBXBuildFile section */
		445338F8B5666B8B9BAC92B7 /* FloatingTabBar.swift in Sources */ = {isa = PBXBuildFile; fileRef = 449F462A164495012A2700B4 /* FloatingTabBar.swift */; };
		442B01AC756AB7E3B158A220 /* CronogramaRepository.swift in Sources */ = {isa = PBXBuildFile; fileRef = 443B548B642897ACDA7F5B2F /* CronogramaRepository.swift */; };
		445DC4E3D37D709B200EBDF4 /* DisplayMode.swift in Sources */ = {isa = PBXBuildFile; fileRef = 44A39F058927059BF1558D45 /* DisplayMode.swift */; };
		446F2C8F336DD4446E98B2DB /* CronogramaViewModel.swift in Sources */ = {isa = PBXBuildFile; fileRef = 442E7208A3536B93C795E9FC /* CronogramaViewModel.swift */; };
		44A129DCEC7D6F1020BD495B /* CronogramaDiaView.swift in Sources */ = {isa = PBXBuildFile; fileRef = 44A3CDAF999E981ED91CB913 /* CronogramaDiaView.swift */; };
		447E660E04517FE9E9A5B20A /* CronogramaGanttView.swift in Sources */ = {isa = PBXBuildFile; fileRef = 4492B33B06EA9DBF6E099D40 /* CronogramaGanttView.swift */; };
		44B1B49A34D74FFDF5A404AB /* CronogramaHeatmapView.swift in Sources */ = {isa = PBXBuildFile; fileRef = 44EC26AB22B7C41F477C99E4 /* CronogramaHeatmapView.swift */; };
		4428F9E5EEE2D5E5A237DD02 /* CronogramaListaView.swift in Sources */ = {isa = PBXBuildFile; fileRef = 446D233EA052412AEC86E22C /* CronogramaListaView.swift */; };
		44B09A78E4E4126E8B3AAB01 /* CronogramaMesView.swift in Sources */ = {isa = PBXBuildFile; fileRef = 44ADC7CFA317A903061EF12B /* CronogramaMesView.swift */; };
		4481C0FD23062E25DCBC7003 /* CronogramaSemanaView.swift in Sources */ = {isa = PBXBuildFile; fileRef = 44BC41F3C49ACFC84A7DEFFF /* CronogramaSemanaView.swift */; };
		4414D94A5CB877E05676C65C /* CronogramaView.swift in Sources */ = {isa = PBXBuildFile; fileRef = 448C0D3DAD9DD5F06C2F6557 /* CronogramaView.swift */; };
		440BCEE79080142D26D4B1DA /* HelpView.swift in Sources */ = {isa = PBXBuildFile; fileRef = 44BCB48BC51BBD6B74BFC677 /* HelpView.swift */; };
		443BDC08744EF48C71D11CCB /* SettingsAccountSection.swift in Sources */ = {isa = PBXBuildFile; fileRef = 44F73879818DE3B8BFD93C49 /* SettingsAccountSection.swift */; };
		441632AE1A972EA2EAB070FC /* SettingsAppearanceSection.swift in Sources */ = {isa = PBXBuildFile; fileRef = 44D211D24493F741D29F3A14 /* SettingsAppearanceSection.swift */; };
		440C8B5DF27BE0980117F3F6 /* SettingsDataSection.swift in Sources */ = {isa = PBXBuildFile; fileRef = 44942CCF1ED6D4DA7671EEE4 /* SettingsDataSection.swift */; };
		44279E192C94D14AA39C22B5 /* SettingsInfoSection.swift in Sources */ = {isa = PBXBuildFile; fileRef = 44B59830448406848CAF3DE2 /* SettingsInfoSection.swift */; };
		44C81CE9BAD494238EE5130C /* SettingsView.swift in Sources */ = {isa = PBXBuildFile; fileRef = 447CD1CD99017CDBFD2FA481 /* SettingsView.swift */; };
		100000000000000000000040 /* EduPanelApp.swift in Sources */ = {isa = PBXBuildFile; fileRef = 100000000000000000000020 /* EduPanelApp.swift */; };
		100000000000000000000041 /* RootView.swift in Sources */ = {isa = PBXBuildFile; fileRef = 100000000000000000000021 /* RootView.swift */; };
		100000000000000000000042 /* AppTab.swift in Sources */ = {isa = PBXBuildFile; fileRef = 100000000000000000000022 /* AppTab.swift */; };
		100000000000000000000043 /* DashboardModels.swift in Sources */ = {isa = PBXBuildFile; fileRef = 100000000000000000000023 /* DashboardModels.swift */; };
		100000000000000000000044 /* UserRole.swift in Sources */ = {isa = PBXBuildFile; fileRef = 100000000000000000000024 /* UserRole.swift */; };
		100000000000000000000045 /* APIClient.swift in Sources */ = {isa = PBXBuildFile; fileRef = 100000000000000000000025 /* APIClient.swift */; };
		100000000000000000000046 /* AppConfig.swift in Sources */ = {isa = PBXBuildFile; fileRef = 100000000000000000000026 /* AppConfig.swift */; };
		100000000000000000000047 /* DashboardRepository.swift in Sources */ = {isa = PBXBuildFile; fileRef = 100000000000000000000027 /* DashboardRepository.swift */; };
		100000000000000000000048 /* FirebaseBootstrap.swift in Sources */ = {isa = PBXBuildFile; fileRef = 100000000000000000000028 /* FirebaseBootstrap.swift */; };
		100000000000000000000049 /* GoogleAuthService.swift in Sources */ = {isa = PBXBuildFile; fileRef = 100000000000000000000029 /* GoogleAuthService.swift */; };
		10000000000000000000004A /* AuthSession.swift in Sources */ = {isa = PBXBuildFile; fileRef = 10000000000000000000002A /* AuthSession.swift */; };
		10000000000000000000004B /* DashboardViewModel.swift in Sources */ = {isa = PBXBuildFile; fileRef = 10000000000000000000002B /* DashboardViewModel.swift */; };
		10000000000000000000004C /* AppShell.swift in Sources */ = {isa = PBXBuildFile; fileRef = 10000000000000000000002C /* AppShell.swift */; };
		10000000000000000000004D /* DashboardView.swift in Sources */ = {isa = PBXBuildFile; fileRef = 10000000000000000000002D /* DashboardView.swift */; };
		10000000000000000000004E /* LoginView.swift in Sources */ = {isa = PBXBuildFile; fileRef = 10000000000000000000002E /* LoginView.swift */; };
		10000000000000000000004F /* PlaceholderModuleView.swift in Sources */ = {isa = PBXBuildFile; fileRef = 10000000000000000000002F /* PlaceholderModuleView.swift */; };
		100000000000000000000090 /* SidebarContainer.swift in Sources */ = {isa = PBXBuildFile; fileRef = 100000000000000000000080 /* SidebarContainer.swift */; };
		100000000000000000000091 /* SidebarView.swift in Sources */ = {isa = PBXBuildFile; fileRef = 100000000000000000000081 /* SidebarView.swift */; };
		100000000000000000000050 /* Assets.xcassets in Resources */ = {isa = PBXBuildFile; fileRef = 100000000000000000000031 /* Assets.xcassets */; };
		100000000000000000000051 /* FirebaseCore in Frameworks */ = {isa = PBXBuildFile; productRef = 100000000000000000000062 /* FirebaseCore */; };
		100000000000000000000052 /* FirebaseAuth in Frameworks */ = {isa = PBXBuildFile; productRef = 100000000000000000000063 /* FirebaseAuth */; };
		100000000000000000000053 /* FirebaseFirestore in Frameworks */ = {isa = PBXBuildFile; productRef = 100000000000000000000064 /* FirebaseFirestore */; };
		100000000000000000000054 /* GoogleSignIn in Frameworks */ = {isa = PBXBuildFile; productRef = 100000000000000000000065 /* GoogleSignIn */; };
		100000000000000000000055 /* GoogleService-Info.plist in Resources */ = {isa = PBXBuildFile; fileRef = 100000000000000000000036 /* GoogleService-Info.plist */; };
		200000000000000000000101 /* PlanificacionModels.swift in Sources */ = {isa = PBXBuildFile; fileRef = 200000000000000000000001 /* PlanificacionModels.swift */; };
		200000000000000000000102 /* PlanificacionRepository.swift in Sources */ = {isa = PBXBuildFile; fileRef = 200000000000000000000002 /* PlanificacionRepository.swift */; };
		200000000000000000000103 /* PlanificacionesViewModel.swift in Sources */ = {isa = PBXBuildFile; fileRef = 200000000000000000000003 /* PlanificacionesViewModel.swift */; };
		200000000000000000000104 /* VerUnidadViewModel.swift in Sources */ = {isa = PBXBuildFile; fileRef = 200000000000000000000004 /* VerUnidadViewModel.swift */; };
		200000000000000000000105 /* PlanificacionesHubView.swift in Sources */ = {isa = PBXBuildFile; fileRef = 200000000000000000000005 /* PlanificacionesHubView.swift */; };
		200000000000000000000106 /* PlanificacionesDetailView.swift in Sources */ = {isa = PBXBuildFile; fileRef = 200000000000000000000006 /* PlanificacionesDetailView.swift */; };
		200000000000000000000107 /* VerUnidadDashboardView.swift in Sources */ = {isa = PBXBuildFile; fileRef = 200000000000000000000007 /* VerUnidadDashboardView.swift */; };
		200000000000000000000108 /* VerUnidadBaseView.swift in Sources */ = {isa = PBXBuildFile; fileRef = 200000000000000000000008 /* VerUnidadBaseView.swift */; };
		200000000000000000000109 /* VerUnidadCronogramaView.swift in Sources */ = {isa = PBXBuildFile; fileRef = 200000000000000000000009 /* VerUnidadCronogramaView.swift */; };
		20000000000000000000010A /* VerUnidadClasesView.swift in Sources */ = {isa = PBXBuildFile; fileRef = 20000000000000000000000A /* VerUnidadClasesView.swift */; };
		20000000000000000000010B /* LiveClassModeView.swift in Sources */ = {isa = PBXBuildFile; fileRef = 20000000000000000000000B /* LiveClassModeView.swift */; };
		300000000000000000000101 /* WebReplicaComponents.swift in Sources */ = {isa = PBXBuildFile; fileRef = 300000000000000000000001 /* WebReplicaComponents.swift */; };
		300000000000000000000102 /* ProfileViewModel.swift in Sources */ = {isa = PBXBuildFile; fileRef = 300000000000000000000002 /* ProfileViewModel.swift */; };
		300000000000000000000103 /* ProfileView.swift in Sources */ = {isa = PBXBuildFile; fileRef = 300000000000000000000003 /* ProfileView.swift */; };
		300000000000000000000104 /* ProfileSummaryTab.swift in Sources */ = {isa = PBXBuildFile; fileRef = 300000000000000000000004 /* ProfileSummaryTab.swift */; };
		300000000000000000000105 /* ProfileWeekTab.swift in Sources */ = {isa = PBXBuildFile; fileRef = 300000000000000000000005 /* ProfileWeekTab.swift */; };
		300000000000000000000106 /* ProfileCoursesTab.swift in Sources */ = {isa = PBXBuildFile; fileRef = 300000000000000000000006 /* ProfileCoursesTab.swift */; };
		300000000000000000000107 /* ProfileSubjectsTab.swift in Sources */ = {isa = PBXBuildFile; fileRef = 300000000000000000000007 /* ProfileSubjectsTab.swift */; };
		300000000000000000000108 /* ProfileIdentityTab.swift in Sources */ = {isa = PBXBuildFile; fileRef = 300000000000000000000008 /* ProfileIdentityTab.swift */; };
		300000000000000000000109 /* ProfileConnectionsTab.swift in Sources */ = {isa = PBXBuildFile; fileRef = 300000000000000000000009 /* ProfileConnectionsTab.swift */; };
		30000000000000000000010A /* ProfileSubviews.swift in Sources */ = {isa = PBXBuildFile; fileRef = 30000000000000000000000A /* ProfileSubviews.swift */; };
		30000000000000000000010B /* CourseStudentsView.swift in Sources */ = {isa = PBXBuildFile; fileRef = 30000000000000000000000B /* CourseStudentsView.swift */; };
		30000000000000000000010C /* EditCourseView.swift in Sources */ = {isa = PBXBuildFile; fileRef = 30000000000000000000000C /* EditCourseView.swift */; };
		30000000000000000000010D /* SchoolLogoEditView.swift in Sources */ = {isa = PBXBuildFile; fileRef = 30000000000000000000000D /* SchoolLogoEditView.swift */; };
		30000000000000000000010E /* GoogleConnectionView.swift in Sources */ = {isa = PBXBuildFile; fileRef = 30000000000000000000000E /* GoogleConnectionView.swift */; };
		400000000000000000000101 /* EvaluacionesModels.swift in Sources */ = {isa = PBXBuildFile; fileRef = 400000000000000000000001 /* EvaluacionesModels.swift */; };
		400000000000000000000102 /* EvaluacionesRepository.swift in Sources */ = {isa = PBXBuildFile; fileRef = 400000000000000000000002 /* EvaluacionesRepository.swift */; };
		400000000000000000000103 /* EvaluacionesViewModel.swift in Sources */ = {isa = PBXBuildFile; fileRef = 400000000000000000000003 /* EvaluacionesViewModel.swift */; };
		400000000000000000000104 /* EvaluacionesShell.swift in Sources */ = {isa = PBXBuildFile; fileRef = 400000000000000000000004 /* EvaluacionesShell.swift */; };
		400000000000000000000105 /* ListasHubView.swift in Sources */ = {isa = PBXBuildFile; fileRef = 400000000000000000000005 /* ListasHubView.swift */; };
		400000000000000000000106 /* ListaCotejoEditorView.swift in Sources */ = {isa = PBXBuildFile; fileRef = 400000000000000000000006 /* ListaCotejoEditorView.swift */; };
		400000000000000000000107 /* ListaEvaluacionView.swift in Sources */ = {isa = PBXBuildFile; fileRef = 400000000000000000000007 /* ListaEvaluacionView.swift */; };
		400000000000000000000108 /* ListaResultadosView.swift in Sources */ = {isa = PBXBuildFile; fileRef = 400000000000000000000008 /* ListaResultadosView.swift */; };
		400000000000000000000109 /* RubricasHubView.swift in Sources */ = {isa = PBXBuildFile; fileRef = 400000000000000000000009 /* RubricasHubView.swift */; };
		40000000000000000000010A /* RubricaEditorView.swift in Sources */ = {isa = PBXBuildFile; fileRef = 40000000000000000000000A /* RubricaEditorView.swift */; };
		40000000000000000000010B /* RubricaEvaluacionView.swift in Sources */ = {isa = PBXBuildFile; fileRef = 40000000000000000000000B /* RubricaEvaluacionView.swift */; };
		40000000000000000000010C /* RubricaResultadosView.swift in Sources */ = {isa = PBXBuildFile; fileRef = 40000000000000000000000C /* RubricaResultadosView.swift */; };
/* End PBXBuildFile section */

/* Begin PBXFileReference section */
		449F462A164495012A2700B4 /* FloatingTabBar.swift */ = {isa = PBXFileReference; lastKnownFileType = sourcecode.swift; path = FloatingTabBar.swift; sourceTree = "<group>"; };
		443B548B642897ACDA7F5B2F /* CronogramaRepository.swift */ = {isa = PBXFileReference; lastKnownFileType = sourcecode.swift; path = CronogramaRepository.swift; sourceTree = "<group>"; };
		44A39F058927059BF1558D45 /* DisplayMode.swift */ = {isa = PBXFileReference; lastKnownFileType = sourcecode.swift; path = DisplayMode.swift; sourceTree = "<group>"; };
		442E7208A3536B93C795E9FC /* CronogramaViewModel.swift */ = {isa = PBXFileReference; lastKnownFileType = sourcecode.swift; path = CronogramaViewModel.swift; sourceTree = "<group>"; };
		44A3CDAF999E981ED91CB913 /* CronogramaDiaView.swift */ = {isa = PBXFileReference; lastKnownFileType = sourcecode.swift; path = CronogramaDiaView.swift; sourceTree = "<group>"; };
		4492B33B06EA9DBF6E099D40 /* CronogramaGanttView.swift */ = {isa = PBXFileReference; lastKnownFileType = sourcecode.swift; path = CronogramaGanttView.swift; sourceTree = "<group>"; };
		44EC26AB22B7C41F477C99E4 /* CronogramaHeatmapView.swift */ = {isa = PBXFileReference; lastKnownFileType = sourcecode.swift; path = CronogramaHeatmapView.swift; sourceTree = "<group>"; };
		446D233EA052412AEC86E22C /* CronogramaListaView.swift */ = {isa = PBXFileReference; lastKnownFileType = sourcecode.swift; path = CronogramaListaView.swift; sourceTree = "<group>"; };
		44ADC7CFA317A903061EF12B /* CronogramaMesView.swift */ = {isa = PBXFileReference; lastKnownFileType = sourcecode.swift; path = CronogramaMesView.swift; sourceTree = "<group>"; };
		44BC41F3C49ACFC84A7DEFFF /* CronogramaSemanaView.swift */ = {isa = PBXFileReference; lastKnownFileType = sourcecode.swift; path = CronogramaSemanaView.swift; sourceTree = "<group>"; };
		448C0D3DAD9DD5F06C2F6557 /* CronogramaView.swift */ = {isa = PBXFileReference; lastKnownFileType = sourcecode.swift; path = CronogramaView.swift; sourceTree = "<group>"; };
		44BCB48BC51BBD6B74BFC677 /* HelpView.swift */ = {isa = PBXFileReference; lastKnownFileType = sourcecode.swift; path = HelpView.swift; sourceTree = "<group>"; };
		44F73879818DE3B8BFD93C49 /* SettingsAccountSection.swift */ = {isa = PBXFileReference; lastKnownFileType = sourcecode.swift; path = SettingsAccountSection.swift; sourceTree = "<group>"; };
		44D211D24493F741D29F3A14 /* SettingsAppearanceSection.swift */ = {isa = PBXFileReference; lastKnownFileType = sourcecode.swift; path = SettingsAppearanceSection.swift; sourceTree = "<group>"; };
		44942CCF1ED6D4DA7671EEE4 /* SettingsDataSection.swift */ = {isa = PBXFileReference; lastKnownFileType = sourcecode.swift; path = SettingsDataSection.swift; sourceTree = "<group>"; };
		44B59830448406848CAF3DE2 /* SettingsInfoSection.swift */ = {isa = PBXFileReference; lastKnownFileType = sourcecode.swift; path = SettingsInfoSection.swift; sourceTree = "<group>"; };
		447CD1CD99017CDBFD2FA481 /* SettingsView.swift */ = {isa = PBXFileReference; lastKnownFileType = sourcecode.swift; path = SettingsView.swift; sourceTree = "<group>"; };
		100000000000000000000005 /* EduPanel.app */ = {isa = PBXFileReference; explicitFileType = wrapper.application; includeInIndex = 0; path = EduPanel.app; sourceTree = BUILT_PRODUCTS_DIR; };
		100000000000000000000020 /* EduPanelApp.swift */ = {isa = PBXFileReference; lastKnownFileType = sourcecode.swift; path = EduPanelApp.swift; sourceTree = "<group>"; };
		100000000000000000000021 /* RootView.swift */ = {isa = PBXFileReference; lastKnownFileType = sourcecode.swift; path = RootView.swift; sourceTree = "<group>"; };
		100000000000000000000022 /* AppTab.swift */ = {isa = PBXFileReference; lastKnownFileType = sourcecode.swift; path = AppTab.swift; sourceTree = "<group>"; };
		100000000000000000000023 /* DashboardModels.swift */ = {isa = PBXFileReference; lastKnownFileType = sourcecode.swift; path = DashboardModels.swift; sourceTree = "<group>"; };
		100000000000000000000024 /* UserRole.swift */ = {isa = PBXFileReference; lastKnownFileType = sourcecode.swift; path = UserRole.swift; sourceTree = "<group>"; };
		100000000000000000000025 /* APIClient.swift */ = {isa = PBXFileReference; lastKnownFileType = sourcecode.swift; path = APIClient.swift; sourceTree = "<group>"; };
		100000000000000000000026 /* AppConfig.swift */ = {isa = PBXFileReference; lastKnownFileType = sourcecode.swift; path = AppConfig.swift; sourceTree = "<group>"; };
		100000000000000000000027 /* DashboardRepository.swift */ = {isa = PBXFileReference; lastKnownFileType = sourcecode.swift; path = DashboardRepository.swift; sourceTree = "<group>"; };
		100000000000000000000028 /* FirebaseBootstrap.swift */ = {isa = PBXFileReference; lastKnownFileType = sourcecode.swift; path = FirebaseBootstrap.swift; sourceTree = "<group>"; };
		100000000000000000000029 /* GoogleAuthService.swift */ = {isa = PBXFileReference; lastKnownFileType = sourcecode.swift; path = GoogleAuthService.swift; sourceTree = "<group>"; };
		10000000000000000000002A /* AuthSession.swift */ = {isa = PBXFileReference; lastKnownFileType = sourcecode.swift; path = AuthSession.swift; sourceTree = "<group>"; };
		10000000000000000000002B /* DashboardViewModel.swift */ = {isa = PBXFileReference; lastKnownFileType = sourcecode.swift; path = DashboardViewModel.swift; sourceTree = "<group>"; };
		10000000000000000000002C /* AppShell.swift */ = {isa = PBXFileReference; lastKnownFileType = sourcecode.swift; path = AppShell.swift; sourceTree = "<group>"; };
		10000000000000000000002D /* DashboardView.swift */ = {isa = PBXFileReference; lastKnownFileType = sourcecode.swift; path = DashboardView.swift; sourceTree = "<group>"; };
		10000000000000000000002E /* LoginView.swift */ = {isa = PBXFileReference; lastKnownFileType = sourcecode.swift; path = LoginView.swift; sourceTree = "<group>"; };
		10000000000000000000002F /* PlaceholderModuleView.swift */ = {isa = PBXFileReference; lastKnownFileType = sourcecode.swift; path = PlaceholderModuleView.swift; sourceTree = "<group>"; };
		100000000000000000000080 /* SidebarContainer.swift */ = {isa = PBXFileReference; lastKnownFileType = sourcecode.swift; path = SidebarContainer.swift; sourceTree = "<group>"; };
		100000000000000000000081 /* SidebarView.swift */ = {isa = PBXFileReference; lastKnownFileType = sourcecode.swift; path = SidebarView.swift; sourceTree = "<group>"; };
		100000000000000000000030 /* Info.plist */ = {isa = PBXFileReference; lastKnownFileType = text.plist.xml; path = Info.plist; sourceTree = "<group>"; };
		100000000000000000000031 /* Assets.xcassets */ = {isa = PBXFileReference; lastKnownFileType = folder.assetcatalog; path = Assets.xcassets; sourceTree = "<group>"; };
		100000000000000000000032 /* Debug.xcconfig */ = {isa = PBXFileReference; lastKnownFileType = text.xcconfig; path = Debug.xcconfig; sourceTree = "<group>"; };
		100000000000000000000033 /* Release.xcconfig */ = {isa = PBXFileReference; lastKnownFileType = text.xcconfig; path = Release.xcconfig; sourceTree = "<group>"; };
		100000000000000000000034 /* Shared.xcconfig */ = {isa = PBXFileReference; lastKnownFileType = text.xcconfig; path = Shared.xcconfig; sourceTree = "<group>"; };
		100000000000000000000035 /* serve-sim.sh */ = {isa = PBXFileReference; lastKnownFileType = text.script.sh; path = serve-sim.sh; sourceTree = "<group>"; };
		100000000000000000000036 /* GoogleService-Info.plist */ = {isa = PBXFileReference; lastKnownFileType = text.plist.xml; path = "GoogleService-Info.plist"; sourceTree = "<group>"; };
		200000000000000000000001 /* PlanificacionModels.swift */ = {isa = PBXFileReference; lastKnownFileType = sourcecode.swift; path = PlanificacionModels.swift; sourceTree = "<group>"; };
		200000000000000000000002 /* PlanificacionRepository.swift */ = {isa = PBXFileReference; lastKnownFileType = sourcecode.swift; path = PlanificacionRepository.swift; sourceTree = "<group>"; };
		200000000000000000000003 /* PlanificacionesViewModel.swift */ = {isa = PBXFileReference; lastKnownFileType = sourcecode.swift; path = PlanificacionesViewModel.swift; sourceTree = "<group>"; };
		200000000000000000000004 /* VerUnidadViewModel.swift */ = {isa = PBXFileReference; lastKnownFileType = sourcecode.swift; path = VerUnidadViewModel.swift; sourceTree = "<group>"; };
		200000000000000000000005 /* PlanificacionesHubView.swift */ = {isa = PBXFileReference; lastKnownFileType = sourcecode.swift; path = PlanificacionesHubView.swift; sourceTree = "<group>"; };
		200000000000000000000006 /* PlanificacionesDetailView.swift */ = {isa = PBXFileReference; lastKnownFileType = sourcecode.swift; path = PlanificacionesDetailView.swift; sourceTree = "<group>"; };
		200000000000000000000007 /* VerUnidadDashboardView.swift */ = {isa = PBXFileReference; lastKnownFileType = sourcecode.swift; path = VerUnidadDashboardView.swift; sourceTree = "<group>"; };
		200000000000000000000008 /* VerUnidadBaseView.swift */ = {isa = PBXFileReference; lastKnownFileType = sourcecode.swift; path = VerUnidadBaseView.swift; sourceTree = "<group>"; };
		200000000000000000000009 /* VerUnidadCronogramaView.swift */ = {isa = PBXFileReference; lastKnownFileType = sourcecode.swift; path = VerUnidadCronogramaView.swift; sourceTree = "<group>"; };
		20000000000000000000000A /* VerUnidadClasesView.swift */ = {isa = PBXFileReference; lastKnownFileType = sourcecode.swift; path = VerUnidadClasesView.swift; sourceTree = "<group>"; };
		20000000000000000000000B /* LiveClassModeView.swift */ = {isa = PBXFileReference; lastKnownFileType = sourcecode.swift; path = LiveClassModeView.swift; sourceTree = "<group>"; };
		300000000000000000000001 /* WebReplicaComponents.swift */ = {isa = PBXFileReference; lastKnownFileType = sourcecode.swift; path = WebReplicaComponents.swift; sourceTree = "<group>"; };
		300000000000000000000002 /* ProfileViewModel.swift */ = {isa = PBXFileReference; lastKnownFileType = sourcecode.swift; path = ProfileViewModel.swift; sourceTree = "<group>"; };
		300000000000000000000003 /* ProfileView.swift */ = {isa = PBXFileReference; lastKnownFileType = sourcecode.swift; path = ProfileView.swift; sourceTree = "<group>"; };
		300000000000000000000004 /* ProfileSummaryTab.swift */ = {isa = PBXFileReference; lastKnownFileType = sourcecode.swift; path = Tabs/ProfileSummaryTab.swift; sourceTree = "<group>"; };
		300000000000000000000005 /* ProfileWeekTab.swift */ = {isa = PBXFileReference; lastKnownFileType = sourcecode.swift; path = Tabs/ProfileWeekTab.swift; sourceTree = "<group>"; };
		300000000000000000000006 /* ProfileCoursesTab.swift */ = {isa = PBXFileReference; lastKnownFileType = sourcecode.swift; path = Tabs/ProfileCoursesTab.swift; sourceTree = "<group>"; };
		300000000000000000000007 /* ProfileSubjectsTab.swift */ = {isa = PBXFileReference; lastKnownFileType = sourcecode.swift; path = Tabs/ProfileSubjectsTab.swift; sourceTree = "<group>"; };
		300000000000000000000008 /* ProfileIdentityTab.swift */ = {isa = PBXFileReference; lastKnownFileType = sourcecode.swift; path = Tabs/ProfileIdentityTab.swift; sourceTree = "<group>"; };
		300000000000000000000009 /* ProfileConnectionsTab.swift */ = {isa = PBXFileReference; lastKnownFileType = sourcecode.swift; path = Tabs/ProfileConnectionsTab.swift; sourceTree = "<group>"; };
		30000000000000000000000A /* ProfileSubviews.swift */ = {isa = PBXFileReference; lastKnownFileType = sourcecode.swift; path = Views/ProfileSubviews.swift; sourceTree = "<group>"; };
		30000000000000000000000B /* CourseStudentsView.swift */ = {isa = PBXFileReference; lastKnownFileType = sourcecode.swift; path = Views/CourseStudentsView.swift; sourceTree = "<group>"; };
		30000000000000000000000C /* EditCourseView.swift */ = {isa = PBXFileReference; lastKnownFileType = sourcecode.swift; path = Views/EditCourseView.swift; sourceTree = "<group>"; };
		30000000000000000000000D /* SchoolLogoEditView.swift */ = {isa = PBXFileReference; lastKnownFileType = sourcecode.swift; path = Views/SchoolLogoEditView.swift; sourceTree = "<group>"; };
		30000000000000000000000E /* GoogleConnectionView.swift */ = {isa = PBXFileReference; lastKnownFileType = sourcecode.swift; path = Views/GoogleConnectionView.swift; sourceTree = "<group>"; };
		400000000000000000000001 /* EvaluacionesModels.swift */ = {isa = PBXFileReference; lastKnownFileType = sourcecode.swift; path = EvaluacionesModels.swift; sourceTree = "<group>"; };
		400000000000000000000002 /* EvaluacionesRepository.swift */ = {isa = PBXFileReference; lastKnownFileType = sourcecode.swift; path = EvaluacionesRepository.swift; sourceTree = "<group>"; };
		400000000000000000000003 /* EvaluacionesViewModel.swift */ = {isa = PBXFileReference; lastKnownFileType = sourcecode.swift; path = EvaluacionesViewModel.swift; sourceTree = "<group>"; };
		400000000000000000000004 /* EvaluacionesShell.swift */ = {isa = PBXFileReference; lastKnownFileType = sourcecode.swift; path = EvaluacionesShell.swift; sourceTree = "<group>"; };
		400000000000000000000005 /* ListasHubView.swift */ = {isa = PBXFileReference; lastKnownFileType = sourcecode.swift; path = Listas/ListasHubView.swift; sourceTree = "<group>"; };
		400000000000000000000006 /* ListaCotejoEditorView.swift */ = {isa = PBXFileReference; lastKnownFileType = sourcecode.swift; path = Listas/ListaCotejoEditorView.swift; sourceTree = "<group>"; };
		400000000000000000000007 /* ListaEvaluacionView.swift */ = {isa = PBXFileReference; lastKnownFileType = sourcecode.swift; path = Listas/ListaEvaluacionView.swift; sourceTree = "<group>"; };
		400000000000000000000008 /* ListaResultadosView.swift */ = {isa = PBXFileReference; lastKnownFileType = sourcecode.swift; path = Listas/ListaResultadosView.swift; sourceTree = "<group>"; };
		400000000000000000000009 /* RubricasHubView.swift */ = {isa = PBXFileReference; lastKnownFileType = sourcecode.swift; path = Rubricas/RubricasHubView.swift; sourceTree = "<group>"; };
		40000000000000000000000A /* RubricaEditorView.swift */ = {isa = PBXFileReference; lastKnownFileType = sourcecode.swift; path = Rubricas/RubricaEditorView.swift; sourceTree = "<group>"; };
		40000000000000000000000B /* RubricaEvaluacionView.swift */ = {isa = PBXFileReference; lastKnownFileType = sourcecode.swift; path = Rubricas/RubricaEvaluacionView.swift; sourceTree = "<group>"; };
		40000000000000000000000C /* RubricaResultadosView.swift */ = {isa = PBXFileReference; lastKnownFileType = sourcecode.swift; path = Rubricas/RubricaResultadosView.swift; sourceTree = "<group>"; };
/* End PBXFileReference section */

/* Begin PBXFrameworksBuildPhase section */
		100000000000000000000008 /* Frameworks */ = {
			isa = PBXFrameworksBuildPhase;
			buildActionMask = 2147483647;
			files = (
				100000000000000000000051 /* FirebaseCore in Frameworks */,
				100000000000000000000052 /* FirebaseAuth in Frameworks */,
				100000000000000000000053 /* FirebaseFirestore in Frameworks */,
				100000000000000000000054 /* GoogleSignIn in Frameworks */,
			);
			runOnlyForDeploymentPostprocessing = 0;
		};
/* End PBXFrameworksBuildPhase section */

/* Begin PBXGroup section */
		100000000000000000000002 = {
			isa = PBXGroup;
			children = (
				100000000000000000000010 /* EduPanel */,
				100000000000000000000018 /* Config */,
				100000000000000000000019 /* scripts */,
				100000000000000000000003 /* Products */,
			);
			sourceTree = "<group>";
		};
		100000000000000000000003 /* Products */ = {
			isa = PBXGroup;
			children = (
				100000000000000000000005 /* EduPanel.app */,
			);
			name = Products;
			sourceTree = "<group>";
		};
		100000000000000000000010 /* EduPanel */ = {
			isa = PBXGroup;
			children = (
				4486B30826509D60ACFBFFFE /* Components */,
				100000000000000000000011 /* App */,
				100000000000000000000012 /* Models */,
				100000000000000000000013 /* Services */,
				100000000000000000000014 /* ViewModels */,
				100000000000000000000015 /* Views */,
				100000000000000000000016 /* Resources */,
			);
			path = EduPanel;
			sourceTree = "<group>";
		};
		100000000000000000000011 /* App */ = {
			isa = PBXGroup;
			children = (
				100000000000000000000020 /* EduPanelApp.swift */,
				100000000000000000000021 /* RootView.swift */,
			);
			path = App;
			sourceTree = "<group>";
		};
		100000000000000000000012 /* Models */ = {
			isa = PBXGroup;
			children = (
				400000000000000000000001 /* EvaluacionesModels.swift */,
				200000000000000000000001 /* PlanificacionModels.swift */,
				100000000000000000000022 /* AppTab.swift */,
				100000000000000000000023 /* DashboardModels.swift */,
				100000000000000000000024 /* UserRole.swift */,
			);
			path = Models;
			sourceTree = "<group>";
		};
		100000000000000000000013 /* Services */ = {
			isa = PBXGroup;
			children = (
				443B548B642897ACDA7F5B2F /* CronogramaRepository.swift */,
				400000000000000000000002 /* EvaluacionesRepository.swift */,
				44A39F058927059BF1558D45 /* DisplayMode.swift */,
				200000000000000000000002 /* PlanificacionRepository.swift */,
				100000000000000000000025 /* APIClient.swift */,
				100000000000000000000026 /* AppConfig.swift */,
				100000000000000000000027 /* DashboardRepository.swift */,
				100000000000000000000028 /* FirebaseBootstrap.swift */,
				100000000000000000000029 /* GoogleAuthService.swift */,
			);
			path = Services;
			sourceTree = "<group>";
		};
		100000000000000000000014 /* ViewModels */ = {
			isa = PBXGroup;
			children = (
				442E7208A3536B93C795E9FC /* CronogramaViewModel.swift */,
				400000000000000000000003 /* EvaluacionesViewModel.swift */,
				200000000000000000000003 /* PlanificacionesViewModel.swift */,
				200000000000000000000004 /* VerUnidadViewModel.swift */,
				10000000000000000000002A /* AuthSession.swift */,
				10000000000000000000002B /* DashboardViewModel.swift */,
			);
			path = ViewModels;
			sourceTree = "<group>";
		};
		100000000000000000000015 /* Views */ = {
			isa = PBXGroup;
			children = (
				443A6D15AA5486619142AEBB /* Cronograma */,
				400000000000000000000040 /* Evaluaciones */,
				443C5D20AB4D92EB7CDDF60A /* Help */,
				44D0CA17BBA4161446FC3D6E /* Settings */,
				200000000000000000000020 /* Planificaciones */,
				200000000000000000000030 /* VerUnidad */,
				300000000000000000000040 /* Profile */,
				300000000000000000000001 /* WebReplicaComponents.swift */,
				10000000000000000000002C /* AppShell.swift */,
				10000000000000000000002D /* DashboardView.swift */,
				10000000000000000000002E /* LoginView.swift */,
				10000000000000000000002F /* PlaceholderModuleView.swift */,
				100000000000000000000080 /* SidebarContainer.swift */,
				100000000000000000000081 /* SidebarView.swift */,
			);
			path = Views;
			sourceTree = "<group>";
		};
		100000000000000000000016 /* Resources */ = {
			isa = PBXGroup;
			children = (
				100000000000000000000030 /* Info.plist */,
				100000000000000000000036 /* GoogleService-Info.plist */,
				100000000000000000000031 /* Assets.xcassets */,
			);
			path = Resources;
			sourceTree = "<group>";
		};
		100000000000000000000018 /* Config */ = {
			isa = PBXGroup;
			children = (
				100000000000000000000034 /* Shared.xcconfig */,
				100000000000000000000032 /* Debug.xcconfig */,
				100000000000000000000033 /* Release.xcconfig */,
			);
			path = Config;
			sourceTree = "<group>";
		};
		100000000000000000000019 /* scripts */ = {
			isa = PBXGroup;
			children = (
				100000000000000000000035 /* serve-sim.sh */,
			);
			path = scripts;
			sourceTree = "<group>";
		};
		200000000000000000000020 /* Planificaciones */ = {
			isa = PBXGroup;
			children = (
				200000000000000000000005 /* PlanificacionesHubView.swift */,
				200000000000000000000006 /* PlanificacionesDetailView.swift */,
			);
			path = Planificaciones;
			sourceTree = "<group>";
		};
		200000000000000000000030 /* VerUnidad */ = {
			isa = PBXGroup;
			children = (
				200000000000000000000007 /* VerUnidadDashboardView.swift */,
				200000000000000000000008 /* VerUnidadBaseView.swift */,
				200000000000000000000009 /* VerUnidadCronogramaView.swift */,
				20000000000000000000000A /* VerUnidadClasesView.swift */,
				20000000000000000000000B /* LiveClassModeView.swift */,
			);
			path = VerUnidad;
			sourceTree = "<group>";
		};
		300000000000000000000040 /* Profile */ = {
			isa = PBXGroup;
			children = (
				300000000000000000000003 /* ProfileView.swift */,
				300000000000000000000002 /* ProfileViewModel.swift */,
				300000000000000000000004 /* ProfileSummaryTab.swift */,
				300000000000000000000005 /* ProfileWeekTab.swift */,
				300000000000000000000006 /* ProfileCoursesTab.swift */,
				300000000000000000000007 /* ProfileSubjectsTab.swift */,
				300000000000000000000008 /* ProfileIdentityTab.swift */,
				300000000000000000000009 /* ProfileConnectionsTab.swift */,
				30000000000000000000000A /* ProfileSubviews.swift */,
				30000000000000000000000B /* CourseStudentsView.swift */,
				30000000000000000000000C /* EditCourseView.swift */,
				30000000000000000000000D /* SchoolLogoEditView.swift */,
				30000000000000000000000E /* GoogleConnectionView.swift */,
			);
			path = Profile;
			sourceTree = "<group>";
		};
		4486B30826509D60ACFBFFFE /* Components */ = {
			isa = PBXGroup;
			children = (
				449F462A164495012A2700B4 /* FloatingTabBar.swift */,
			);
			path = Components;
			sourceTree = "<group>";
		};
		443A6D15AA5486619142AEBB /* Cronograma */ = {
			isa = PBXGroup;
			children = (
				44A3CDAF999E981ED91CB913 /* CronogramaDiaView.swift */,
				4492B33B06EA9DBF6E099D40 /* CronogramaGanttView.swift */,
				44EC26AB22B7C41F477C99E4 /* CronogramaHeatmapView.swift */,
				446D233EA052412AEC86E22C /* CronogramaListaView.swift */,
				44ADC7CFA317A903061EF12B /* CronogramaMesView.swift */,
				44BC41F3C49ACFC84A7DEFFF /* CronogramaSemanaView.swift */,
				448C0D3DAD9DD5F06C2F6557 /* CronogramaView.swift */,
			);
			path = Cronograma;
			sourceTree = "<group>";
		};
		400000000000000000000040 /* Evaluaciones */ = {
			isa = PBXGroup;
			children = (
				400000000000000000000004 /* EvaluacionesShell.swift */,
				400000000000000000000005 /* ListasHubView.swift */,
				400000000000000000000006 /* ListaCotejoEditorView.swift */,
				400000000000000000000007 /* ListaEvaluacionView.swift */,
				400000000000000000000008 /* ListaResultadosView.swift */,
				400000000000000000000009 /* RubricasHubView.swift */,
				40000000000000000000000A /* RubricaEditorView.swift */,
				40000000000000000000000B /* RubricaEvaluacionView.swift */,
				40000000000000000000000C /* RubricaResultadosView.swift */,
			);
			path = Evaluaciones;
			sourceTree = "<group>";
		};
		443C5D20AB4D92EB7CDDF60A /* Help */ = {
			isa = PBXGroup;
			children = (
				44BCB48BC51BBD6B74BFC677 /* HelpView.swift */,
			);
			path = Help;
			sourceTree = "<group>";
		};
		44D0CA17BBA4161446FC3D6E /* Settings */ = {
			isa = PBXGroup;
			children = (
				44F73879818DE3B8BFD93C49 /* SettingsAccountSection.swift */,
				44D211D24493F741D29F3A14 /* SettingsAppearanceSection.swift */,
				44942CCF1ED6D4DA7671EEE4 /* SettingsDataSection.swift */,
				44B59830448406848CAF3DE2 /* SettingsInfoSection.swift */,
				447CD1CD99017CDBFD2FA481 /* SettingsView.swift */,
			);
			path = Settings;
			sourceTree = "<group>";
		};
/* End PBXGroup section */

/* Begin PBXNativeTarget section */
		100000000000000000000004 /* EduPanel */ = {
			isa = PBXNativeTarget;
			buildConfigurationList = 10000000000000000000000A /* Build configuration list for PBXNativeTarget "EduPanel" */;
			buildPhases = (
				100000000000000000000006 /* Sources */,
				100000000000000000000007 /* Resources */,
				100000000000000000000008 /* Frameworks */,
			);
			buildRules = (
			);
			dependencies = (
			);
			name = EduPanel;
			packageProductDependencies = (
				100000000000000000000062 /* FirebaseCore */,
				100000000000000000000063 /* FirebaseAuth */,
				100000000000000000000064 /* FirebaseFirestore */,
				100000000000000000000065 /* GoogleSignIn */,
			);
			productName = EduPanel;
			productReference = 100000000000000000000005 /* EduPanel.app */;
			productType = "com.apple.product-type.application";
		};
/* End PBXNativeTarget section */

/* Begin PBXProject section */
		100000000000000000000001 /* Project object */ = {
			isa = PBXProject;
			attributes = {
				BuildIndependentTargetsInParallel = 1;
				LastSwiftUpdateCheck = 1500;
				LastUpgradeCheck = 1500;
				TargetAttributes = {
					100000000000000000000004 = {
						CreatedOnToolsVersion = 15.0;
					};
				};
			};
			buildConfigurationList = 100000000000000000000009 /* Build configuration list for PBXProject "EduPanel" */;
			compatibilityVersion = "Xcode 15.0";
			developmentRegion = en;
			hasScannedForEncodings = 0;
			knownRegions = (
				en,
				Base,
			);
			mainGroup = 100000000000000000000002;
			minimizedProjectReferenceProxies = 1;
			packageReferences = (
				100000000000000000000060 /* XCRemoteSwiftPackageReference "firebase-ios-sdk" */,
				100000000000000000000061 /* XCRemoteSwiftPackageReference "GoogleSignIn-iOS" */,
			);
			preferredProjectObjectVersion = 56;
			productRefGroup = 100000000000000000000003 /* Products */;
			projectDirPath = "";
			projectRoot = "";
			targets = (
				100000000000000000000004 /* EduPanel */,
			);
		};
/* End PBXProject section */

/* Begin PBXResourcesBuildPhase section */
		100000000000000000000007 /* Resources */ = {
			isa = PBXResourcesBuildPhase;
			buildActionMask = 2147483647;
			files = (
				100000000000000000000050 /* Assets.xcassets in Resources */,
				100000000000000000000055 /* GoogleService-Info.plist in Resources */,
			);
			runOnlyForDeploymentPostprocessing = 0;
		};
/* End PBXResourcesBuildPhase section */

/* Begin PBXSourcesBuildPhase section */
		100000000000000000000006 /* Sources */ = {
			isa = PBXSourcesBuildPhase;
			buildActionMask = 2147483647;
			files = (
				445338F8B5666B8B9BAC92B7 /* FloatingTabBar.swift in Sources */,
				442B01AC756AB7E3B158A220 /* CronogramaRepository.swift in Sources */,
				445DC4E3D37D709B200EBDF4 /* DisplayMode.swift in Sources */,
				446F2C8F336DD4446E98B2DB /* CronogramaViewModel.swift in Sources */,
				44A129DCEC7D6F1020BD495B /* CronogramaDiaView.swift in Sources */,
				447E660E04517FE9E9A5B20A /* CronogramaGanttView.swift in Sources */,
				44B1B49A34D74FFDF5A404AB /* CronogramaHeatmapView.swift in Sources */,
				4428F9E5EEE2D5E5A237DD02 /* CronogramaListaView.swift in Sources */,
				44B09A78E4E4126E8B3AAB01 /* CronogramaMesView.swift in Sources */,
				4481C0FD23062E25DCBC7003 /* CronogramaSemanaView.swift in Sources */,
				4414D94A5CB877E05676C65C /* CronogramaView.swift in Sources */,
				440BCEE79080142D26D4B1DA /* HelpView.swift in Sources */,
				443BDC08744EF48C71D11CCB /* SettingsAccountSection.swift in Sources */,
				441632AE1A972EA2EAB070FC /* SettingsAppearanceSection.swift in Sources */,
				440C8B5DF27BE0980117F3F6 /* SettingsDataSection.swift in Sources */,
				44279E192C94D14AA39C22B5 /* SettingsInfoSection.swift in Sources */,
				44C81CE9BAD494238EE5130C /* SettingsView.swift in Sources */,
				100000000000000000000040 /* EduPanelApp.swift in Sources */,
				100000000000000000000041 /* RootView.swift in Sources */,
				100000000000000000000042 /* AppTab.swift in Sources */,
				100000000000000000000043 /* DashboardModels.swift in Sources */,
				100000000000000000000044 /* UserRole.swift in Sources */,
				100000000000000000000045 /* APIClient.swift in Sources */,
				100000000000000000000046 /* AppConfig.swift in Sources */,
				100000000000000000000047 /* DashboardRepository.swift in Sources */,
				100000000000000000000048 /* FirebaseBootstrap.swift in Sources */,
				100000000000000000000049 /* GoogleAuthService.swift in Sources */,
				10000000000000000000004A /* AuthSession.swift in Sources */,
				10000000000000000000004B /* DashboardViewModel.swift in Sources */,
				10000000000000000000004C /* AppShell.swift in Sources */,
				10000000000000000000004D /* DashboardView.swift in Sources */,
				10000000000000000000004E /* LoginView.swift in Sources */,
				10000000000000000000004F /* PlaceholderModuleView.swift in Sources */,
				100000000000000000000090 /* SidebarContainer.swift in Sources */,
				100000000000000000000091 /* SidebarView.swift in Sources */,
				200000000000000000000101 /* PlanificacionModels.swift in Sources */,
				200000000000000000000102 /* PlanificacionRepository.swift in Sources */,
				200000000000000000000103 /* PlanificacionesViewModel.swift in Sources */,
				200000000000000000000104 /* VerUnidadViewModel.swift in Sources */,
				200000000000000000000105 /* PlanificacionesHubView.swift in Sources */,
				200000000000000000000106 /* PlanificacionesDetailView.swift in Sources */,
				200000000000000000000107 /* VerUnidadDashboardView.swift in Sources */,
				200000000000000000000108 /* VerUnidadBaseView.swift in Sources */,
				200000000000000000000109 /* VerUnidadCronogramaView.swift in Sources */,
				20000000000000000000010A /* VerUnidadClasesView.swift in Sources */,
				20000000000000000000010B /* LiveClassModeView.swift in Sources */,
				300000000000000000000101 /* WebReplicaComponents.swift in Sources */,
				300000000000000000000102 /* ProfileViewModel.swift in Sources */,
				300000000000000000000103 /* ProfileView.swift in Sources */,
				300000000000000000000104 /* ProfileSummaryTab.swift in Sources */,
				300000000000000000000105 /* ProfileWeekTab.swift in Sources */,
				300000000000000000000106 /* ProfileCoursesTab.swift in Sources */,
				300000000000000000000107 /* ProfileSubjectsTab.swift in Sources */,
				300000000000000000000108 /* ProfileIdentityTab.swift in Sources */,
				300000000000000000000109 /* ProfileConnectionsTab.swift in Sources */,
				30000000000000000000010A /* ProfileSubviews.swift in Sources */,
				30000000000000000000010B /* CourseStudentsView.swift in Sources */,
				30000000000000000000010C /* EditCourseView.swift in Sources */,
				30000000000000000000010D /* SchoolLogoEditView.swift in Sources */,
				30000000000000000000010E /* GoogleConnectionView.swift in Sources */,
				400000000000000000000101 /* EvaluacionesModels.swift in Sources */,
				400000000000000000000102 /* EvaluacionesRepository.swift in Sources */,
				400000000000000000000103 /* EvaluacionesViewModel.swift in Sources */,
				400000000000000000000104 /* EvaluacionesShell.swift in Sources */,
				400000000000000000000105 /* ListasHubView.swift in Sources */,
				400000000000000000000106 /* ListaCotejoEditorView.swift in Sources */,
				400000000000000000000107 /* ListaEvaluacionView.swift in Sources */,
				400000000000000000000108 /* ListaResultadosView.swift in Sources */,
				400000000000000000000109 /* RubricasHubView.swift in Sources */,
				40000000000000000000010A /* RubricaEditorView.swift in Sources */,
				40000000000000000000010B /* RubricaEvaluacionView.swift in Sources */,
				40000000000000000000010C /* RubricaResultadosView.swift in Sources */,
			);
			runOnlyForDeploymentPostprocessing = 0;
		};
/* End PBXSourcesBuildPhase section */

/* Begin XCBuildConfiguration section */
		10000000000000000000000B /* Debug */ = {
			isa = XCBuildConfiguration;
			buildSettings = {
				ALWAYS_SEARCH_USER_PATHS = NO;
				CLANG_ANALYZER_NONNULL = YES;
				CLANG_ANALYZER_NUMBER_OBJECT_CONVERSION = YES_AGGRESSIVE;
				CLANG_CXX_LANGUAGE_STANDARD = "gnu++20";
				CLANG_ENABLE_MODULES = YES;
				CLANG_ENABLE_OBJC_ARC = YES;
				CLANG_ENABLE_OBJC_WEAK = YES;
				CLANG_WARN_BLOCK_CAPTURE_AUTORELEASING = YES;
				CLANG_WARN_BOOL_CONVERSION = YES;
				CLANG_WARN_COMMA = YES;
				CLANG_WARN_CONSTANT_CONVERSION = YES;
				CLANG_WARN_DEPRECATED_OBJC_IMPLEMENTATIONS = YES;
				CLANG_WARN_DIRECT_OBJC_ISA_USAGE = YES_ERROR;
				CLANG_WARN_DOCUMENTATION_COMMENTS = YES;
				CLANG_WARN_EMPTY_BODY = YES;
				CLANG_WARN_ENUM_CONVERSION = YES;
				CLANG_WARN_INFINITE_RECURSION = YES;
				CLANG_WARN_INT_CONVERSION = YES;
				CLANG_WARN_NON_LITERAL_NULL_CONVERSION = YES;
				CLANG_WARN_OBJC_IMPLICIT_RETAIN_SELF = YES;
				CLANG_WARN_OBJC_LITERAL_CONVERSION = YES;
				CLANG_WARN_OBJC_ROOT_CLASS = YES_ERROR;
				CLANG_WARN_QUOTED_INCLUDE_IN_FRAMEWORK_HEADER = YES;
				CLANG_WARN_RANGE_LOOP_ANALYSIS = YES;
				CLANG_WARN_STRICT_PROTOTYPES = YES;
				CLANG_WARN_SUSPICIOUS_MOVE = YES;
				CLANG_WARN_UNGUARDED_AVAILABILITY = YES_AGGRESSIVE;
				CLANG_WARN_UNREACHABLE_CODE = YES;
				CLANG_WARN__DUPLICATE_METHOD_MATCH = YES;
				COPY_PHASE_STRIP = NO;
				DEBUG_INFORMATION_FORMAT = dwarf;
				ENABLE_STRICT_OBJC_MSGSEND = YES;
				ENABLE_TESTABILITY = YES;
				ENABLE_USER_SCRIPT_SANDBOXING = YES;
				GCC_C_LANGUAGE_STANDARD = gnu17;
				GCC_DYNAMIC_NO_PIC = NO;
				GCC_NO_COMMON_BLOCKS = YES;
				GCC_OPTIMIZATION_LEVEL = 0;
				GCC_PREPROCESSOR_DEFINITIONS = (
					"DEBUG=1",
					"$(inherited)",
				);
				GCC_WARN_64_TO_32_BIT_CONVERSION = YES;
				GCC_WARN_ABOUT_RETURN_TYPE = YES_ERROR;
				GCC_WARN_UNDECLARED_SELECTOR = YES;
				GCC_WARN_UNINITIALIZED_AUTOS = YES_AGGRESSIVE;
				GCC_WARN_UNUSED_FUNCTION = YES;
				GCC_WARN_UNUSED_VARIABLE = YES;
				MTL_ENABLE_DEBUG_INFO = INCLUDE_SOURCE;
				MTL_FAST_MATH = YES;
				ONLY_ACTIVE_ARCH = YES;
				SDKROOT = iphoneos;
				SWIFT_ACTIVE_COMPILATION_CONDITIONS = "DEBUG $(inherited)";
				SWIFT_OPTIMIZATION_LEVEL = "-Onone";
			};
			name = Debug;
		};
		10000000000000000000000C /* Release */ = {
			isa = XCBuildConfiguration;
			buildSettings = {
				ALWAYS_SEARCH_USER_PATHS = NO;
				CLANG_ANALYZER_NONNULL = YES;
				CLANG_ANALYZER_NUMBER_OBJECT_CONVERSION = YES_AGGRESSIVE;
				CLANG_CXX_LANGUAGE_STANDARD = "gnu++20";
				CLANG_ENABLE_MODULES = YES;
				CLANG_ENABLE_OBJC_ARC = YES;
				CLANG_ENABLE_OBJC_WEAK = YES;
				CLANG_WARN_BLOCK_CAPTURE_AUTORELEASING = YES;
				CLANG_WARN_BOOL_CONVERSION = YES;
				CLANG_WARN_COMMA = YES;
				CLANG_WARN_CONSTANT_CONVERSION = YES;
				CLANG_WARN_DEPRECATED_OBJC_IMPLEMENTATIONS = YES;
				CLANG_WARN_DIRECT_OBJC_ISA_USAGE = YES_ERROR;
				CLANG_WARN_DOCUMENTATION_COMMENTS = YES;
				CLANG_WARN_EMPTY_BODY = YES;
				CLANG_WARN_ENUM_CONVERSION = YES;
				CLANG_WARN_INFINITE_RECURSION = YES;
				CLANG_WARN_INT_CONVERSION = YES;
				CLANG_WARN_NON_LITERAL_NULL_CONVERSION = YES;
				CLANG_WARN_OBJC_IMPLICIT_RETAIN_SELF = YES;
				CLANG_WARN_OBJC_LITERAL_CONVERSION = YES;
				CLANG_WARN_OBJC_ROOT_CLASS = YES_ERROR;
				CLANG_WARN_QUOTED_INCLUDE_IN_FRAMEWORK_HEADER = YES;
				CLANG_WARN_RANGE_LOOP_ANALYSIS = YES;
				CLANG_WARN_STRICT_PROTOTYPES = YES;
				CLANG_WARN_SUSPICIOUS_MOVE = YES;
				CLANG_WARN_UNGUARDED_AVAILABILITY = YES_AGGRESSIVE;
				CLANG_WARN_UNREACHABLE_CODE = YES;
				CLANG_WARN__DUPLICATE_METHOD_MATCH = YES;
				COPY_PHASE_STRIP = NO;
				DEBUG_INFORMATION_FORMAT = "dwarf-with-dsym";
				ENABLE_NS_ASSERTIONS = NO;
				ENABLE_STRICT_OBJC_MSGSEND = YES;
				ENABLE_USER_SCRIPT_SANDBOXING = YES;
				GCC_C_LANGUAGE_STANDARD = gnu17;
				GCC_NO_COMMON_BLOCKS = YES;
				GCC_WARN_64_TO_32_BIT_CONVERSION = YES;
				GCC_WARN_ABOUT_RETURN_TYPE = YES_ERROR;
				GCC_WARN_UNDECLARED_SELECTOR = YES;
				GCC_WARN_UNINITIALIZED_AUTOS = YES_AGGRESSIVE;
				GCC_WARN_UNUSED_FUNCTION = YES;
				GCC_WARN_UNUSED_VARIABLE = YES;
				MTL_ENABLE_DEBUG_INFO = NO;
				MTL_FAST_MATH = YES;
				SDKROOT = iphoneos;
				SWIFT_COMPILATION_MODE = wholemodule;
				VALIDATE_PRODUCT = YES;
			};
			name = Release;
		};
		10000000000000000000000D /* Debug */ = {
			isa = XCBuildConfiguration;
			baseConfigurationReference = 100000000000000000000032 /* Debug.xcconfig */;
			buildSettings = {
				ASSETCATALOG_COMPILER_APPICON_NAME = AppIcon;
				ASSETCATALOG_COMPILER_GLOBAL_ACCENT_COLOR_NAME = AccentColor;
				CODE_SIGN_STYLE = Automatic;
				DEVELOPMENT_ASSET_PATHS = "";
				ENABLE_PREVIEWS = YES;
				EXECUTABLE_NAME = EduPanel;
				GENERATE_INFOPLIST_FILE = NO;
				INFOPLIST_FILE = EduPanel/Resources/Info.plist;
				LD_RUNPATH_SEARCH_PATHS = (
					"$(inherited)",
					"@executable_path/Frameworks",
				);
				PRODUCT_NAME = "$(TARGET_NAME)";
				SUPPORTED_PLATFORMS = "iphoneos iphonesimulator";
				SUPPORTS_MACCATALYST = NO;
				SWIFT_EMIT_LOC_STRINGS = YES;
				SWIFT_VERSION = 5.0;
				TARGETED_DEVICE_FAMILY = "1,2";
			};
			name = Debug;
		};
		10000000000000000000000E /* Release */ = {
			isa = XCBuildConfiguration;
			baseConfigurationReference = 100000000000000000000033 /* Release.xcconfig */;
			buildSettings = {
				ASSETCATALOG_COMPILER_APPICON_NAME = AppIcon;
				ASSETCATALOG_COMPILER_GLOBAL_ACCENT_COLOR_NAME = AccentColor;
				CODE_SIGN_STYLE = Automatic;
				DEVELOPMENT_ASSET_PATHS = "";
				ENABLE_PREVIEWS = YES;
				EXECUTABLE_NAME = EduPanel;
				GENERATE_INFOPLIST_FILE = NO;
				INFOPLIST_FILE = EduPanel/Resources/Info.plist;
				LD_RUNPATH_SEARCH_PATHS = (
					"$(inherited)",
					"@executable_path/Frameworks",
				);
				PRODUCT_NAME = "$(TARGET_NAME)";
				SUPPORTED_PLATFORMS = "iphoneos iphonesimulator";
				SUPPORTS_MACCATALYST = NO;
				SWIFT_EMIT_LOC_STRINGS = YES;
				SWIFT_VERSION = 5.0;
				TARGETED_DEVICE_FAMILY = "1,2";
			};
			name = Release;
		};
/* End XCBuildConfiguration section */

/* Begin XCConfigurationList section */
		100000000000000000000009 /* Build configuration list for PBXProject "EduPanel" */ = {
			isa = XCConfigurationList;
			buildConfigurations = (
				10000000000000000000000B /* Debug */,
				10000000000000000000000C /* Release */,
			);
			defaultConfigurationIsVisible = 0;
			defaultConfigurationName = Release;
		};
		10000000000000000000000A /* Build configuration list for PBXNativeTarget "EduPanel" */ = {
			isa = XCConfigurationList;
			buildConfigurations = (
				10000000000000000000000D /* Debug */,
				10000000000000000000000E /* Release */,
			);
			defaultConfigurationIsVisible = 0;
			defaultConfigurationName = Release;
		};
/* End XCConfigurationList section */

/* Begin XCRemoteSwiftPackageReference section */
		100000000000000000000060 /* XCRemoteSwiftPackageReference "firebase-ios-sdk" */ = {
			isa = XCRemoteSwiftPackageReference;
			repositoryURL = "https://github.com/firebase/firebase-ios-sdk.git";
			requirement = {
				kind = upToNextMajorVersion;
				minimumVersion = 11.0.0;
			};
		};
		100000000000000000000061 /* XCRemoteSwiftPackageReference "GoogleSignIn-iOS" */ = {
			isa = XCRemoteSwiftPackageReference;
			repositoryURL = "https://github.com/google/GoogleSignIn-iOS";
			requirement = {
				kind = upToNextMajorVersion;
				minimumVersion = 8.0.0;
			};
		};
/* End XCRemoteSwiftPackageReference section */

/* Begin XCSwiftPackageProductDependency section */
		100000000000000000000062 /* FirebaseCore */ = {
			isa = XCSwiftPackageProductDependency;
			package = 100000000000000000000060 /* XCRemoteSwiftPackageReference "firebase-ios-sdk" */;
			productName = FirebaseCore;
		};
		100000000000000000000063 /* FirebaseAuth */ = {
			isa = XCSwiftPackageProductDependency;
			package = 100000000000000000000060 /* XCRemoteSwiftPackageReference "firebase-ios-sdk" */;
			productName = FirebaseAuth;
		};
		100000000000000000000064 /* FirebaseFirestore */ = {
			isa = XCSwiftPackageProductDependency;
			package = 100000000000000000000060 /* XCRemoteSwiftPackageReference "firebase-ios-sdk" */;
			productName = FirebaseFirestore;
		};
		100000000000000000000065 /* GoogleSignIn */ = {
			isa = XCSwiftPackageProductDependency;
			package = 100000000000000000000061 /* XCRemoteSwiftPackageReference "GoogleSignIn-iOS" */;
			productName = GoogleSignIn;
		};
/* End XCSwiftPackageProductDependency section */
	};
	rootObject = 100000000000000000000001 /* Project object */;
}
